
Microsoft Visual Studio Solution File, Format Version 12.00
# Visual Studio Version 17
VisualStudioVersion = 17.4.33403.182
MinimumVisualStudioVersion = 10.0.40219.1
Project("{FAE04EC0-301F-11D3-BF4B-00C04F79EFBC}") = "MutableJustinRun", "MutableJustinRun.csproj", "{D0931FF9-748A-4C89-A212-4B234B2068B0}"
EndProject
Global
	GlobalSection(SolutionConfigurationPlatforms) = preSolution
		Debug|Any CPU = Debug|Any CPU
		Release|Any CPU = Release|Any CPU
	EndGlobalSection
	GlobalSection(ProjectConfigurationPlatforms) = postSolution
		{D0931FF9-748A-4C89-A212-4B234B2068B0}.Debug|Any CPU.ActiveCfg = Debug|Any CPU
		{D0931FF9-748A-4C89-A212-4B234B2068B0}.Debug|Any CPU.Build.0 = Debug|Any CPU
		{D0931FF9-748A-4C89-A212-4B234B2068B0}.Release|Any CPU.ActiveCfg = Release|Any CPU
		{D0931FF9-748A-4C89-A212-4B234B2068B0}.Release|Any CPU.Build.0 = Release|Any CPU
	EndGlobalSection
	GlobalSection(SolutionProperties) = preSolution
		HideSolutionNode = FALSE
	EndGlobalSection
	GlobalSection(ExtensibilityGlobals) = postSolution
		SolutionGuid = {5EA52F67-367D-44C0-B7A2-AE3FDE56CE6F}
	EndGlobalSection
EndGlobal
